<Solution>
  <Folder Name="/src/">
    <Project Path="src/NumberToWords.Core/NumberToWords.Core.csproj" />
    <Project Path="src/NumberToWords.Web/NumberToWords.Web.csproj" />
  </Folder>
  <Folder Name="/tests/">
    <Project Path="tests/NumberToWords.Tests/NumberToWords.Tests.csproj" />
  </Folder>
</Solution>
